{
  "version": 1,
  "dependencies": {
    "Any,Version=v0.0": {
      "Hangfire.Build": {
        "type": "Direct",
        "requested": "[0.4.0, 0.4.0]",
        "resolved": "0.4.0",
        "contentHash": "rU3NWGiurNYKKkLND8TAP4Dcfla+1NIUmkACqstAnIYgN19aGIeADme6Rx4g4cCU1tsMfEemuV8W2ItA8EMnkw=="
      },
      "psake": {
        "type": "Direct",
        "requested": "[4.4.1, 4.4.1]",
        "resolved": "4.4.1",
        "contentHash": "Hn5kdGPEoapi+wAAjaGjKEZVnuYp7fUrPK3IivLYG6Bn4adhd8l+KXXPMEmte41RmrLvfV7XGZa9KsSTc0gjDA=="
      }
    }
  }
}