{
  "version": 1,
  "dependencies": {
    "Any,Version=v0.0": {
      "Hangfire.Build": {
        "type": "Direct",
        "requested": "[0.6.0, 0.6.0]",
        "resolved": "0.6.0",
        "contentHash": "r4J2MJOkNSwnGf7uOrsqp9UuUUdyP5ZleZ4aIf+CE7CN9zPft1xDUabXkcW9pJeBzFdGves2YM04G3wKlErOIw=="
      },
      "psake": {
        "type": "Direct",
        "requested": "[4.4.1, 4.4.1]",
        "resolved": "4.4.1",
        "contentHash": "Hn5kdGPEoapi+wAAjaGjKEZVnuYp7fUrPK3IivLYG6Bn4adhd8l+KXXPMEmte41RmrLvfV7XGZa9KsSTc0gjDA=="
      }
    }
  }
}